
Microsoft Visual Studio Solution File, Format Version 12.00
# Visual Studio Version 16
VisualStudioVersion = 16.0.33423.256
MinimumVisualStudioVersion = 10.0.40219.1
Project("{8BC9CEB8-8B4A-11D0-8D11-00A0C91BC942}") = "HelloWorld", "HelloWorld\HelloWorld.vcxproj", "{A597F76B-47A2-4C76-9D97-25C4F01875E7}"
EndProject
Global
	GlobalSection(SolutionConfigurationPlatforms) = preSolution
		Debug|x64 = Debug|x64
		Debug|x86 = Debug|x86
		Release|x64 = Release|x64
		Release|x86 = Release|x86
	EndGlobalSection
	GlobalSection(ProjectConfigurationPlatforms) = postSolution
		{A597F76B-47A2-4C76-9D97-25C4F01875E7}.Debug|x64.ActiveCfg = Debug|x64
		{A597F76B-47A2-4C76-9D97-25C4F01875E7}.Debug|x64.Build.0 = Debug|x64
		{A597F76B-47A2-4C76-9D97-25C4F01875E7}.Debug|x86.ActiveCfg = Debug|Win32
		{A597F76B-47A2-4C76-9D97-25C4F01875E7}.Debug|x86.Build.0 = Debug|Win32
		{A597F76B-47A2-4C76-9D97-25C4F01875E7}.Release|x64.ActiveCfg = Release|x64
		{A597F76B-47A2-4C76-9D97-25C4F01875E7}.Release|x64.Build.0 = Release|x64
		{A597F76B-47A2-4C76-9D97-25C4F01875E7}.Release|x86.ActiveCfg = Release|Win32
		{A597F76B-47A2-4C76-9D97-25C4F01875E7}.Release|x86.Build.0 = Release|Win32
	EndGlobalSection
	GlobalSection(SolutionProperties) = preSolution
		HideSolutionNode = FALSE
	EndGlobalSection
	GlobalSection(ExtensibilityGlobals) = postSolution
		SolutionGuid = {9E007D35-8C8F-4248-84F9-FC1D7D249EEF}
	EndGlobalSection
EndGlobal
